// !$*UTF8*$!
{
	archiveVersion = 1;
	classes = {
	};
	objectVersion = 55;
	objects = {

/* Begin PBXBuildFile section */
		7ECBB7D7293FA33400E65D25 /* AppDelegate.swift in Sources */ = {isa = PBXBuildFile; fileRef = 7ECBB7D6293FA33400E65D25 /* AppDelegate.swift */; };
		7ECBB7D9293FA33400E65D25 /* SceneDelegate.swift in Sources */ = {isa = PBXBuildFile; fileRef = 7ECBB7D8293FA33400E65D25 /* SceneDelegate.swift */; };
		7ECBB7DB293FA33400E65D25 /* ViewController.swift in Sources */ = {isa = PBXBuildFile; fileRef = 7ECBB7DA293FA33400E65D25 /* ViewController.swift */; };
		7ECBB7DE293FA33400E65D25 /* Main.storyboard in Resources */ = {isa = PBXBuildFile; fileRef = 7ECBB7DC293FA33400E65D25 /* Main.storyboard */; };
		7ECBB7E1293FA33400E65D25 /* DynamicTableView2.xcdatamodeld in Sources */ = {isa = PBXBuildFile; fileRef = 7ECBB7DF293FA33400E65D25 /* DynamicTableView2.xcdatamodeld */; };
		7ECBB7E3293FA33500E65D25 /* Assets.xcassets in Resources */ = {isa = PBXBuildFile; fileRef = 7ECBB7E2293FA33500E65D25 /* Assets.xcassets */; };
		7ECBB7E6293FA33500E65D25 /* LaunchScreen.storyboard in Resources */ = {isa = PBXBuildFile; fileRef = 7ECBB7E4293FA33500E65D25 /* LaunchScreen.storyboard */; };
		7ECBB7F1293FA33500E65D25 /* DynamicTableView2Tests.swift in Sources */ = {isa = PBXBuildFile; fileRef = 7ECBB7F0293FA33500E65D25 /* DynamicTableView2Tests.swift */; };
		7ECBB7FB293FA33500E65D25 /* DynamicTableView2UITests.swift in Sources */ = {isa = PBXBuildFile; fileRef = 7ECBB7FA293FA33500E65D25 /* DynamicTableView2UITests.swift */; };
		7ECBB7FD293FA33500E65D25 /* DynamicTableView2UITestsLaunchTests.swift in Sources */ = {isa = PBXBuildFile; fileRef = 7ECBB7FC293FA33500E65D25 /* DynamicTableView2UITestsLaunchTests.swift */; };
		7ECBB80A293FA3D700E65D25 /* AcademyModel.swift in Sources */ = {isa = PBXBuildFile; fileRef = 7ECBB809293FA3D700E65D25 /* AcademyModel.swift */; };
		7ECBB80D293FA55B00E65D25 /* AcademyTableViewCell.swift in Sources */ = {isa = PBXBuildFile; fileRef = 7ECBB80B293FA55B00E65D25 /* AcademyTableViewCell.swift */; };
		7ECBB80E293FA55B00E65D25 /* AcademyTableViewCell.xib in Resources */ = {isa = PBXBuildFile; fileRef = 7ECBB80C293FA55B00E65D25 /* AcademyTableViewCell.xib */; };
/* End PBXBuildFile section */

/* Begin PBXContainerItemProxy section */
		7ECBB7ED293FA33500E65D25 /* PBXContainerItemProxy */ = {
			isa = PBXContainerItemProxy;
			containerPortal = 7ECBB7CB293FA33400E65D25 /* Project object */;
			proxyType = 1;
			remoteGlobalIDString = 7ECBB7D2293FA33400E65D25;
			remoteInfo = DynamicTableView2;
		};
		7ECBB7F7293FA33500E65D25 /* PBXContainerItemProxy */ = {
			isa = PBXContainerItemProxy;
			containerPortal = 7ECBB7CB293FA33400E65D25 /* Project object */;
			proxyType = 1;
			remoteGlobalIDString = 7ECBB7D2293FA33400E65D25;
			remoteInfo = DynamicTableView2;
		};
/* End PBXContainerItemProxy section */

/* Begin PBXFileReference section */
		7ECBB7D3293FA33400E65D25 /* DynamicTableView2.app */ = {isa = PBXFileReference; explicitFileType = wrapper.application; includeInIndex = 0; path = DynamicTableView2.app; sourceTree = BUILT_PRODUCTS_DIR; };
		7ECBB7D6293FA33400E65D25 /* AppDelegate.swift */ = {isa = PBXFileReference; lastKnownFileType = sourcecode.swift; path = AppDelegate.swift; sourceTree = "<group>"; };
		7ECBB7D8293FA33400E65D25 /* SceneDelegate.swift */ = {isa = PBXFileReference; lastKnownFileType = sourcecode.swift; path = SceneDelegate.swift; sourceTree = "<group>"; };
		7ECBB7DA293FA33400E65D25 /* ViewController.swift */ = {isa = PBXFileReference; lastKnownFileType = sourcecode.swift; path = ViewController.swift; sourceTree = "<group>"; };
		7ECBB7DD293FA33400E65D25 /* Base */ = {isa = PBXFileReference; lastKnownFileType = file.storyboard; name = Base; path = Base.lproj/Main.storyboard; sourceTree = "<group>"; };
		7ECBB7E0293FA33400E65D25 /* DynamicTableView2.xcdatamodel */ = {isa = PBXFileReference; lastKnownFileType = wrapper.xcdatamodel; path = DynamicTableView2.xcdatamodel; sourceTree = "<group>"; };
		7ECBB7E2293FA33500E65D25 /* Assets.xcassets */ = {isa = PBXFileReference; lastKnownFileType = folder.assetcatalog; path = Assets.xcassets; sourceTree = "<group>"; };
		7ECBB7E5293FA33500E65D25 /* Base */ = {isa = PBXFileReference; lastKnownFileType = file.storyboard; name = Base; path = Base.lproj/LaunchScreen.storyboard; sourceTree = "<group>"; };
		7ECBB7E7293FA33500E65D25 /* Info.plist */ = {isa = PBXFileReference; lastKnownFileType = text.plist.xml; path = Info.plist; sourceTree = "<group>"; };
		7ECBB7EC293FA33500E65D25 /* DynamicTableView2Tests.xctest */ = {isa = PBXFileReference; explicitFileType = wrapper.cfbundle; includeInIndex = 0; path = DynamicTableView2Tests.xctest; sourceTree = BUILT_PRODUCTS_DIR; };
		7ECBB7F0293FA33500E65D25 /* DynamicTableView2Tests.swift */ = {isa = PBXFileReference; lastKnownFileType = sourcecode.swift; path = DynamicTableView2Tests.swift; sourceTree = "<group>"; };
		7ECBB7F6293FA33500E65D25 /* DynamicTableView2UITests.xctest */ = {isa = PBXFileReference; explicitFileType = wrapper.cfbundle; includeInIndex = 0; path = DynamicTableView2UITests.xctest; sourceTree = BUILT_PRODUCTS_DIR; };
		7ECBB7FA293FA33500E65D25 /* DynamicTableView2UITests.swift */ = {isa = PBXFileReference; lastKnownFileType = sourcecode.swift; path = DynamicTableView2UITests.swift; sourceTree = "<group>"; };
		7ECBB7FC293FA33500E65D25 /* DynamicTableView2UITestsLaunchTests.swift */ = {isa = PBXFileReference; lastKnownFileType = sourcecode.swift; path = DynamicTableView2UITestsLaunchTests.swift; sourceTree = "<group>"; };
		7ECBB809293FA3D700E65D25 /* AcademyModel.swift */ = {isa = PBXFileReference; lastKnownFileType = sourcecode.swift; path = AcademyModel.swift; sourceTree = "<group>"; };
		7ECBB80B293FA55B00E65D25 /* AcademyTableViewCell.swift */ = {isa = PBXFileReference; lastKnownFileType = sourcecode.swift; path = AcademyTableViewCell.swift; sourceTree = "<group>"; };
		7ECBB80C293FA55B00E65D25 /* AcademyTableViewCell.xib */ = {isa = PBXFileReference; lastKnownFileType = file.xib; path = AcademyTableViewCell.xib; sourceTree = "<group>"; };
/* End PBXFileReference section */

/* Begin PBXFrameworksBuildPhase section */
		7ECBB7D0293FA33400E65D25 /* Frameworks */ = {
			isa = PBXFrameworksBuildPhase;
			buildActionMask = 2147483647;
			files = (
			);
			runOnlyForDeploymentPostprocessing = 0;
		};
		7ECBB7E9293FA33500E65D25 /* Frameworks */ = {
			isa = PBXFrameworksBuildPhase;
			buildActionMask = 2147483647;
			files = (
			);
			runOnlyForDeploymentPostprocessing = 0;
		};
		7ECBB7F3293FA33500E65D25 /* Frameworks */ = {
			isa = PBXFrameworksBuildPhase;
			buildActionMask = 2147483647;
			files = (
			);
			runOnlyForDeploymentPostprocessing = 0;
		};
/* End PBXFrameworksBuildPhase section */

/* Begin PBXGroup section */
		7ECBB7CA293FA33400E65D25 = {
			isa = PBXGroup;
			children = (
				7ECBB7D5293FA33400E65D25 /* DynamicTableView2 */,
				7ECBB7EF293FA33500E65D25 /* DynamicTableView2Tests */,
				7ECBB7F9293FA33500E65D25 /* DynamicTableView2UITests */,
				7ECBB7D4293FA33400E65D25 /* Products */,
			);
			sourceTree = "<group>";
		};
		7ECBB7D4293FA33400E65D25 /* Products */ = {
			isa = PBXGroup;
			children = (
				7ECBB7D3293FA33400E65D25 /* DynamicTableView2.app */,
				7ECBB7EC293FA33500E65D25 /* DynamicTableView2Tests.xctest */,
				7ECBB7F6293FA33500E65D25 /* DynamicTableView2UITests.xctest */,
			);
			name = Products;
			sourceTree = "<group>";
		};
		7ECBB7D5293FA33400E65D25 /* DynamicTableView2 */ = {
			isa = PBXGroup;
			children = (
				7ECBB7D6293FA33400E65D25 /* AppDelegate.swift */,
				7ECBB7D8293FA33400E65D25 /* SceneDelegate.swift */,
				7ECBB7DA293FA33400E65D25 /* ViewController.swift */,
				7ECBB7DC293FA33400E65D25 /* Main.storyboard */,
				7ECBB7E2293FA33500E65D25 /* Assets.xcassets */,
				7ECBB7E4293FA33500E65D25 /* LaunchScreen.storyboard */,
				7ECBB7E7293FA33500E65D25 /* Info.plist */,
				7ECBB7DF293FA33400E65D25 /* DynamicTableView2.xcdatamodeld */,
				7ECBB809293FA3D700E65D25 /* AcademyModel.swift */,
				7ECBB80B293FA55B00E65D25 /* AcademyTableViewCell.swift */,
				7ECBB80C293FA55B00E65D25 /* AcademyTableViewCell.xib */,
			);
			path = DynamicTableView2;
			sourceTree = "<group>";
		};
		7ECBB7EF293FA33500E65D25 /* DynamicTableView2Tests */ = {
			isa = PBXGroup;
			children = (
				7ECBB7F0293FA33500E65D25 /* DynamicTableView2Tests.swift */,
			);
			path = DynamicTableView2Tests;
			sourceTree = "<group>";
		};
		7ECBB7F9293FA33500E65D25 /* DynamicTableView2UITests */ = {
			isa = PBXGroup;
			children = (
				7ECBB7FA293FA33500E65D25 /* DynamicTableView2UITests.swift */,
				7ECBB7FC293FA33500E65D25 /* DynamicTableView2UITestsLaunchTests.swift */,
			);
			path = DynamicTableView2UITests;
			sourceTree = "<group>";
		};
/* End PBXGroup section */

/* Begin PBXNativeTarget section */
		7ECBB7D2293FA33400E65D25 /* DynamicTableView2 */ = {
			isa = PBXNativeTarget;
			buildConfigurationList = 7ECBB800293FA33500E65D25 /* Build configuration list for PBXNativeTarget "DynamicTableView2" */;
			buildPhases = (
				7ECBB7CF293FA33400E65D25 /* Sources */,
				7ECBB7D0293FA33400E65D25 /* Frameworks */,
				7ECBB7D1293FA33400E65D25 /* Resources */,
			);
			buildRules = (
			);
			dependencies = (
			);
			name = DynamicTableView2;
			productName = DynamicTableView2;
			productReference = 7ECBB7D3293FA33400E65D25 /* DynamicTableView2.app */;
			productType = "com.apple.product-type.application";
		};
		7ECBB7EB293FA33500E65D25 /* DynamicTableView2Tests */ = {
			isa = PBXNativeTarget;
			buildConfigurationList = 7ECBB803293FA33500E65D25 /* Build configuration list for PBXNativeTarget "DynamicTableView2Tests" */;
			buildPhases = (
				7ECBB7E8293FA33500E65D25 /* Sources */,
				7ECBB7E9293FA33500E65D25 /* Frameworks */,
				7ECBB7EA293FA33500E65D25 /* Resources */,
			);
			buildRules = (
			);
			dependencies = (
				7ECBB7EE293FA33500E65D25 /* PBXTargetDependency */,
			);
			name = DynamicTableView2Tests;
			productName = DynamicTableView2Tests;
			productReference = 7ECBB7EC293FA33500E65D25 /* DynamicTableView2Tests.xctest */;
			productType = "com.apple.product-type.bundle.unit-test";
		};
		7ECBB7F5293FA33500E65D25 /* DynamicTableView2UITests */ = {
			isa = PBXNativeTarget;
			buildConfigurationList = 7ECBB806293FA33500E65D25 /* Build configuration list for PBXNativeTarget "DynamicTableView2UITests" */;
			buildPhases = (
				7ECBB7F2293FA33500E65D25 /* Sources */,
				7ECBB7F3293FA33500E65D25 /* Frameworks */,
				7ECBB7F4293FA33500E65D25 /* Resources */,
			);
			buildRules = (
			);
			dependencies = (
				7ECBB7F8293FA33500E65D25 /* PBXTargetDependency */,
			);
			name = DynamicTableView2UITests;
			productName = DynamicTableView2UITests;
			productReference = 7ECBB7F6293FA33500E65D25 /* DynamicTableView2UITests.xctest */;
			productType = "com.apple.product-type.bundle.ui-testing";
		};
/* End PBXNativeTarget section */

/* Begin PBXProject section */
		7ECBB7CB293FA33400E65D25 /* Project object */ = {
			isa = PBXProject;
			attributes = {
				BuildIndependentTargetsInParallel = 1;
				LastSwiftUpdateCheck = 1330;
				LastUpgradeCheck = 1330;
				TargetAttributes = {
					7ECBB7D2293FA33400E65D25 = {
						CreatedOnToolsVersion = 13.3;
					};
					7ECBB7EB293FA33500E65D25 = {
						CreatedOnToolsVersion = 13.3;
						TestTargetID = 7ECBB7D2293FA33400E65D25;
					};
					7ECBB7F5293FA33500E65D25 = {
						CreatedOnToolsVersion = 13.3;
						TestTargetID = 7ECBB7D2293FA33400E65D25;
					};
				};
			};
			buildConfigurationList = 7ECBB7CE293FA33400E65D25 /* Build configuration list for PBXProject "DynamicTableView2" */;
			compatibilityVersion = "Xcode 13.0";
			developmentRegion = en;
			hasScannedForEncodings = 0;
			knownRegions = (
				en,
				Base,
			);
			mainGroup = 7ECBB7CA293FA33400E65D25;
			productRefGroup = 7ECBB7D4293FA33400E65D25 /* Products */;
			projectDirPath = "";
			projectRoot = "";
			targets = (
				7ECBB7D2293FA33400E65D25 /* DynamicTableView2 */,
				7ECBB7EB293FA33500E65D25 /* DynamicTableView2Tests */,
				7ECBB7F5293FA33500E65D25 /* DynamicTableView2UITests */,
			);
		};
/* End PBXProject section */

/* Begin PBXResourcesBuildPhase section */
		7ECBB7D1293FA33400E65D25 /* Resources */ = {
			isa = PBXResourcesBuildPhase;
			buildActionMask = 2147483647;
			files = (
				7ECBB80E293FA55B00E65D25 /* AcademyTableViewCell.xib in Resources */,
				7ECBB7E6293FA33500E65D25 /* LaunchScreen.storyboard in Resources */,
				7ECBB7E3293FA33500E65D25 /* Assets.xcassets in Resources */,
				7ECBB7DE293FA33400E65D25 /* Main.storyboard in Resources */,
			);
			runOnlyForDeploymentPostprocessing = 0;
		};
		7ECBB7EA293FA33500E65D25 /* Resources */ = {
			isa = PBXResourcesBuildPhase;
			buildActionMask = 2147483647;
			files = (
			);
			runOnlyForDeploymentPostprocessing = 0;
		};
		7ECBB7F4293FA33500E65D25 /* Resources */ = {
			isa = PBXResourcesBuildPhase;
			buildActionMask = 2147483647;
			files = (
			);
			runOnlyForDeploymentPostprocessing = 0;
		};
/* End PBXResourcesBuildPhase section */

/* Begin PBXSourcesBuildPhase section */
		7ECBB7CF293FA33400E65D25 /* Sources */ = {
			isa = PBXSourcesBuildPhase;
			buildActionMask = 2147483647;
			files = (
				7ECBB7E1293FA33400E65D25 /* DynamicTableView2.xcdatamodeld in Sources */,
				7ECBB80A293FA3D700E65D25 /* AcademyModel.swift in Sources */,
				7ECBB80D293FA55B00E65D25 /* AcademyTableViewCell.swift in Sources */,
				7ECBB7DB293FA33400E65D25 /* ViewController.swift in Sources */,
				7ECBB7D7293FA33400E65D25 /* AppDelegate.swift in Sources */,
				7ECBB7D9293FA33400E65D25 /* SceneDelegate.swift in Sources */,
			);
			runOnlyForDeploymentPostprocessing = 0;
		};
		7ECBB7E8293FA33500E65D25 /* Sources */ = {
			isa = PBXSourcesBuildPhase;
			buildActionMask = 2147483647;
			files = (
				7ECBB7F1293FA33500E65D25 /* DynamicTableView2Tests.swift in Sources */,
			);
			runOnlyForDeploymentPostprocessing = 0;
		};
		7ECBB7F2293FA33500E65D25 /* Sources */ = {
			isa = PBXSourcesBuildPhase;
			buildActionMask = 2147483647;
			files = (
				7ECBB7FB293FA33500E65D25 /* DynamicTableView2UITests.swift in Sources */,
				7ECBB7FD293FA33500E65D25 /* DynamicTableView2UITestsLaunchTests.swift in Sources */,
			);
			runOnlyForDeploymentPostprocessing = 0;
		};
/* End PBXSourcesBuildPhase section */

/* Begin PBXTargetDependency section */
		7ECBB7EE293FA33500E65D25 /* PBXTargetDependency */ = {
			isa = PBXTargetDependency;
			target = 7ECBB7D2293FA33400E65D25 /* DynamicTableView2 */;
			targetProxy = 7ECBB7ED293FA33500E65D25 /* PBXContainerItemProxy */;
		};
		7ECBB7F8293FA33500E65D25 /* PBXTargetDependency */ = {
			isa = PBXTargetDependency;
			target = 7ECBB7D2293FA33400E65D25 /* DynamicTableView2 */;
			targetProxy = 7ECBB7F7293FA33500E65D25 /* PBXContainerItemProxy */;
		};
/* End PBXTargetDependency section */

/* Begin PBXVariantGroup section */
		7ECBB7DC293FA33400E65D25 /* Main.storyboard */ = {
			isa = PBXVariantGroup;
			children = (
				7ECBB7DD293FA33400E65D25 /* Base */,
			);
			name = Main.storyboard;
			sourceTree = "<group>";
		};
		7ECBB7E4293FA33500E65D25 /* LaunchScreen.storyboard */ = {
			isa = PBXVariantGroup;
			children = (
				7ECBB7E5293FA33500E65D25 /* Base */,
			);
			name = LaunchScreen.storyboard;
			sourceTree = "<group>";
		};
/* End PBXVariantGroup section */

/* Begin XCBuildConfiguration section */
		7ECBB7FE293FA33500E65D25 /* Debug */ = {
			isa = XCBuildConfiguration;
			buildSettings = {
				ALWAYS_SEARCH_USER_PATHS = NO;
				CLANG_ANALYZER_NONNULL = YES;
				CLANG_ANALYZER_NUMBER_OBJECT_CONVERSION = YES_AGGRESSIVE;
				CLANG_CXX_LANGUAGE_STANDARD = "gnu++17";
				CLANG_ENABLE_MODULES = YES;
				CLANG_ENABLE_OBJC_ARC = YES;
				CLANG_ENABLE_OBJC_WEAK = YES;
				CLANG_WARN_BLOCK_CAPTURE_AUTORELEASING = YES;
				CLANG_WARN_BOOL_CONVERSION = YES;
				CLANG_WARN_COMMA = YES;
				CLANG_WARN_CONSTANT_CONVERSION = YES;
				CLANG_WARN_DEPRECATED_OBJC_IMPLEMENTATIONS = YES;
				CLANG_WARN_DIRECT_OBJC_ISA_USAGE = YES_ERROR;
				CLANG_WARN_DOCUMENTATION_COMMENTS = YES;
				CLANG_WARN_EMPTY_BODY = YES;
				CLANG_WARN_ENUM_CONVERSION = YES;
				CLANG_WARN_INFINITE_RECURSION = YES;
				CLANG_WARN_INT_CONVERSION = YES;
				CLANG_WARN_NON_LITERAL_NULL_CONVERSION = YES;
				CLANG_WARN_OBJC_IMPLICIT_RETAIN_SELF = YES;
				CLANG_WARN_OBJC_LITERAL_CONVERSION = YES;
				CLANG_WARN_OBJC_ROOT_CLASS = YES_ERROR;
				CLANG_WARN_QUOTED_INCLUDE_IN_FRAMEWORK_HEADER = YES;
				CLANG_WARN_RANGE_LOOP_ANALYSIS = YES;
				CLANG_WARN_STRICT_PROTOTYPES = YES;
				CLANG_WARN_SUSPICIOUS_MOVE = YES;
				CLANG_WARN_UNGUARDED_AVAILABILITY = YES_AGGRESSIVE;
				CLANG_WARN_UNREACHABLE_CODE = YES;
				CLANG_WARN__DUPLICATE_METHOD_MATCH = YES;
				COPY_PHASE_STRIP = NO;
				DEBUG_INFORMATION_FORMAT = dwarf;
				ENABLE_STRICT_OBJC_MSGSEND = YES;
				ENABLE_TESTABILITY = YES;
				GCC_C_LANGUAGE_STANDARD = gnu11;
				GCC_DYNAMIC_NO_PIC = NO;
				GCC_NO_COMMON_BLOCKS = YES;
				GCC_OPTIMIZATION_LEVEL = 0;
				GCC_PREPROCESSOR_DEFINITIONS = (
					"DEBUG=1",
					"$(inherited)",
				);
				GCC_WARN_64_TO_32_BIT_CONVERSION = YES;
				GCC_WARN_ABOUT_RETURN_TYPE = YES_ERROR;
				GCC_WARN_UNDECLARED_SELECTOR = YES;
				GCC_WARN_UNINITIALIZED_AUTOS = YES_AGGRESSIVE;
				GCC_WARN_UNUSED_FUNCTION = YES;
				GCC_WARN_UNUSED_VARIABLE = YES;
				IPHONEOS_DEPLOYMENT_TARGET = 15.4;
				MTL_ENABLE_DEBUG_INFO = INCLUDE_SOURCE;
				MTL_FAST_MATH = YES;
				ONLY_ACTIVE_ARCH = YES;
				SDKROOT = iphoneos;
				SWIFT_ACTIVE_COMPILATION_CONDITIONS = DEBUG;
				SWIFT_OPTIMIZATION_LEVEL = "-Onone";
			};
			name = Debug;
		};
		7ECBB7FF293FA33500E65D25 /* Release */ = {
			isa = XCBuildConfiguration;
			buildSettings = {
				ALWAYS_SEARCH_USER_PATHS = NO;
				CLANG_ANALYZER_NONNULL = YES;
				CLANG_ANALYZER_NUMBER_OBJECT_CONVERSION = YES_AGGRESSIVE;
				CLANG_CXX_LANGUAGE_STANDARD = "gnu++17";
				CLANG_ENABLE_MODULES = YES;
				CLANG_ENABLE_OBJC_ARC = YES;
				CLANG_ENABLE_OBJC_WEAK = YES;
				CLANG_WARN_BLOCK_CAPTURE_AUTORELEASING = YES;
				CLANG_WARN_BOOL_CONVERSION = YES;
				CLANG_WARN_COMMA = YES;
				CLANG_WARN_CONSTANT_CONVERSION = YES;
				CLANG_WARN_DEPRECATED_OBJC_IMPLEMENTATIONS = YES;
				CLANG_WARN_DIRECT_OBJC_ISA_USAGE = YES_ERROR;
				CLANG_WARN_DOCUMENTATION_COMMENTS = YES;
				CLANG_WARN_EMPTY_BODY = YES;
				CLANG_WARN_ENUM_CONVERSION = YES;
				CLANG_WARN_INFINITE_RECURSION = YES;
				CLANG_WARN_INT_CONVERSION = YES;
				CLANG_WARN_NON_LITERAL_NULL_CONVERSION = YES;
				CLANG_WARN_OBJC_IMPLICIT_RETAIN_SELF = YES;
				CLANG_WARN_OBJC_LITERAL_CONVERSION = YES;
				CLANG_WARN_OBJC_ROOT_CLASS = YES_ERROR;
				CLANG_WARN_QUOTED_INCLUDE_IN_FRAMEWORK_HEADER = YES;
				CLANG_WARN_RANGE_LOOP_ANALYSIS = YES;
				CLANG_WARN_STRICT_PROTOTYPES = YES;
				CLANG_WARN_SUSPICIOUS_MOVE = YES;
				CLANG_WARN_UNGUARDED_AVAILABILITY = YES_AGGRESSIVE;
				CLANG_WARN_UNREACHABLE_CODE = YES;
				CLANG_WARN__DUPLICATE_METHOD_MATCH = YES;
				COPY_PHASE_STRIP = NO;
				DEBUG_INFORMATION_FORMAT = "dwarf-with-dsym";
				ENABLE_NS_ASSERTIONS = NO;
				ENABLE_STRICT_OBJC_MSGSEND = YES;
				GCC_C_LANGUAGE_STANDARD = gnu11;
				GCC_NO_COMMON_BLOCKS = YES;
				GCC_WARN_64_TO_32_BIT_CONVERSION = YES;
				GCC_WARN_ABOUT_RETURN_TYPE = YES_ERROR;
				GCC_WARN_UNDECLARED_SELECTOR = YES;
				GCC_WARN_UNINITIALIZED_AUTOS = YES_AGGRESSIVE;
				GCC_WARN_UNUSED_FUNCTION = YES;
				GCC_WARN_UNUSED_VARIABLE = YES;
				IPHONEOS_DEPLOYMENT_TARGET = 15.4;
				MTL_ENABLE_DEBUG_INFO = NO;
				MTL_FAST_MATH = YES;
				SDKROOT = iphoneos;
				SWIFT_COMPILATION_MODE = wholemodule;
				SWIFT_OPTIMIZATION_LEVEL = "-O";
				VALIDATE_PRODUCT = YES;
			};
			name = Release;
		};
		7ECBB801293FA33500E65D25 /* Debug */ = {
			isa = XCBuildConfiguration;
			buildSettings = {
				ASSETCATALOG_COMPILER_APPICON_NAME = AppIcon;
				ASSETCATALOG_COMPILER_GLOBAL_ACCENT_COLOR_NAME = AccentColor;
				CODE_SIGN_STYLE = Automatic;
				CURRENT_PROJECT_VERSION = 1;
				GENERATE_INFOPLIST_FILE = YES;
				INFOPLIST_FILE = DynamicTableView2/Info.plist;
				INFOPLIST_KEY_UIApplicationSupportsIndirectInputEvents = YES;
				INFOPLIST_KEY_UILaunchStoryboardName = LaunchScreen;
				INFOPLIST_KEY_UIMainStoryboardFile = Main;
				INFOPLIST_KEY_UISupportedInterfaceOrientations_iPad = "UIInterfaceOrientationPortrait UIInterfaceOrientationPortraitUpsideDown UIInterfaceOrientationLandscapeLeft UIInterfaceOrientationLandscapeRight";
				INFOPLIST_KEY_UISupportedInterfaceOrientations_iPhone = "UIInterfaceOrientationPortrait UIInterfaceOrientationLandscapeLeft UIInterfaceOrientationLandscapeRight";
				LD_RUNPATH_SEARCH_PATHS = (
					"$(inherited)",
					"@executable_path/Frameworks",
				);
				MARKETING_VERSION = 1.0;
				PRODUCT_BUNDLE_IDENTIFIER = rickoput.DynamicTableView2;
				PRODUCT_NAME = "$(TARGET_NAME)";
				SWIFT_EMIT_LOC_STRINGS = YES;
				SWIFT_VERSION = 5.0;
				TARGETED_DEVICE_FAMILY = "1,2";
			};
			name = Debug;
		};
		7ECBB802293FA33500E65D25 /* Release */ = {
			isa = XCBuildConfiguration;
			buildSettings = {
				ASSETCATALOG_COMPILER_APPICON_NAME = AppIcon;
				ASSETCATALOG_COMPILER_GLOBAL_ACCENT_COLOR_NAME = AccentColor;
				CODE_SIGN_STYLE = Automatic;
				CURRENT_PROJECT_VERSION = 1;
				GENERATE_INFOPLIST_FILE = YES;
				INFOPLIST_FILE = DynamicTableView2/Info.plist;
				INFOPLIST_KEY_UIApplicationSupportsIndirectInputEvents = YES;
				INFOPLIST_KEY_UILaunchStoryboardName = LaunchScreen;
				INFOPLIST_KEY_UIMainStoryboardFile = Main;
				INFOPLIST_KEY_UISupportedInterfaceOrientations_iPad = "UIInterfaceOrientationPortrait UIInterfaceOrientationPortraitUpsideDown UIInterfaceOrientationLandscapeLeft UIInterfaceOrientationLandscapeRight";
				INFOPLIST_KEY_UISupportedInterfaceOrientations_iPhone = "UIInterfaceOrientationPortrait UIInterfaceOrientationLandscapeLeft UIInterfaceOrientationLandscapeRight";
				LD_RUNPATH_SEARCH_PATHS = (
					"$(inherited)",
					"@executable_path/Frameworks",
				);
				MARKETING_VERSION = 1.0;
				PRODUCT_BUNDLE_IDENTIFIER = rickoput.DynamicTableView2;
				PRODUCT_NAME = "$(TARGET_NAME)";
				SWIFT_EMIT_LOC_STRINGS = YES;
				SWIFT_VERSION = 5.0;
				TARGETED_DEVICE_FAMILY = "1,2";
			};
			name = Release;
		};
		7ECBB804293FA33500E65D25 /* Debug */ = {
			isa = XCBuildConfiguration;
			buildSettings = {
				ALWAYS_EMBED_SWIFT_STANDARD_LIBRARIES = YES;
				BUNDLE_LOADER = "$(TEST_HOST)";
				CODE_SIGN_STYLE = Automatic;
				CURRENT_PROJECT_VERSION = 1;
				GENERATE_INFOPLIST_FILE = YES;
				IPHONEOS_DEPLOYMENT_TARGET = 15.4;
				MARKETING_VERSION = 1.0;
				PRODUCT_BUNDLE_IDENTIFIER = rickoput.DynamicTableView2Tests;
				PRODUCT_NAME = "$(TARGET_NAME)";
				SWIFT_EMIT_LOC_STRINGS = NO;
				SWIFT_VERSION = 5.0;
				TARGETED_DEVICE_FAMILY = "1,2";
				TEST_HOST = "$(BUILT_PRODUCTS_DIR)/DynamicTableView2.app/DynamicTableView2";
			};
			name = Debug;
		};
		7ECBB805293FA33500E65D25 /* Release */ = {
			isa = XCBuildConfiguration;
			buildSettings = {
				ALWAYS_EMBED_SWIFT_STANDARD_LIBRARIES = YES;
				BUNDLE_LOADER = "$(TEST_HOST)";
				CODE_SIGN_STYLE = Automatic;
				CURRENT_PROJECT_VERSION = 1;
				GENERATE_INFOPLIST_FILE = YES;
				IPHONEOS_DEPLOYMENT_TARGET = 15.4;
				MARKETING_VERSION = 1.0;
				PRODUCT_BUNDLE_IDENTIFIER = rickoput.DynamicTableView2Tests;
				PRODUCT_NAME = "$(TARGET_NAME)";
				SWIFT_EMIT_LOC_STRINGS = NO;
				SWIFT_VERSION = 5.0;
				TARGETED_DEVICE_FAMILY = "1,2";
				TEST_HOST = "$(BUILT_PRODUCTS_DIR)/DynamicTableView2.app/DynamicTableView2";
			};
			name = Release;
		};
		7ECBB807293FA33500E65D25 /* Debug */ = {
			isa = XCBuildConfiguration;
			buildSettings = {
				ALWAYS_EMBED_SWIFT_STANDARD_LIBRARIES = YES;
				CODE_SIGN_STYLE = Automatic;
				CURRENT_PROJECT_VERSION = 1;
				GENERATE_INFOPLIST_FILE = YES;
				MARKETING_VERSION = 1.0;
				PRODUCT_BUNDLE_IDENTIFIER = rickoput.DynamicTableView2UITests;
				PRODUCT_NAME = "$(TARGET_NAME)";
				SWIFT_EMIT_LOC_STRINGS = NO;
				SWIFT_VERSION = 5.0;
				TARGETED_DEVICE_FAMILY = "1,2";
				TEST_TARGET_NAME = DynamicTableView2;
			};
			name = Debug;
		};
		7ECBB808293FA33500E65D25 /* Release */ = {
			isa = XCBuildConfiguration;
			buildSettings = {
				ALWAYS_EMBED_SWIFT_STANDARD_LIBRARIES = YES;
				CODE_SIGN_STYLE = Automatic;
				CURRENT_PROJECT_VERSION = 1;
				GENERATE_INFOPLIST_FILE = YES;
				MARKETING_VERSION = 1.0;
				PRODUCT_BUNDLE_IDENTIFIER = rickoput.DynamicTableView2UITests;
				PRODUCT_NAME = "$(TARGET_NAME)";
				SWIFT_EMIT_LOC_STRINGS = NO;
				SWIFT_VERSION = 5.0;
				TARGETED_DEVICE_FAMILY = "1,2";
				TEST_TARGET_NAME = DynamicTableView2;
			};
			name = Release;
		};
/* End XCBuildConfiguration section */

/* Begin XCConfigurationList section */
		7ECBB7CE293FA33400E65D25 /* Build configuration list for PBXProject "DynamicTableView2" */ = {
			isa = XCConfigurationList;
			buildConfigurations = (
				7ECBB7FE293FA33500E65D25 /* Debug */,
				7ECBB7FF293FA33500E65D25 /* Release */,
			);
			defaultConfigurationIsVisible = 0;
			defaultConfigurationName = Release;
		};
		7ECBB800293FA33500E65D25 /* Build configuration list for PBXNativeTarget "DynamicTableView2" */ = {
			isa = XCConfigurationList;
			buildConfigurations = (
				7ECBB801293FA33500E65D25 /* Debug */,
				7ECBB802293FA33500E65D25 /* Release */,
			);
			defaultConfigurationIsVisible = 0;
			defaultConfigurationName = Release;
		};
		7ECBB803293FA33500E65D25 /* Build configuration list for PBXNativeTarget "DynamicTableView2Tests" */ = {
			isa = XCConfigurationList;
			buildConfigurations = (
				7ECBB804293FA33500E65D25 /* Debug */,
				7ECBB805293FA33500E65D25 /* Release */,
			);
			defaultConfigurationIsVisible = 0;
			defaultConfigurationName = Release;
		};
		7ECBB806293FA33500E65D25 /* Build configuration list for PBXNativeTarget "DynamicTableView2UITests" */ = {
			isa = XCConfigurationList;
			buildConfigurations = (
				7ECBB807293FA33500E65D25 /* Debug */,
				7ECBB808293FA33500E65D25 /* Release */,
			);
			defaultConfigurationIsVisible = 0;
			defaultConfigurationName = Release;
		};
/* End XCConfigurationList section */

/* Begin XCVersionGroup section */
		7ECBB7DF293FA33400E65D25 /* DynamicTableView2.xcdatamodeld */ = {
			isa = XCVersionGroup;
			children = (
				7ECBB7E0293FA33400E65D25 /* DynamicTableView2.xcdatamodel */,
			);
			currentVersion = 7ECBB7E0293FA33400E65D25 /* DynamicTableView2.xcdatamodel */;
			path = DynamicTableView2.xcdatamodeld;
			sourceTree = "<group>";
			versionGroupType = wrapper.xcdatamodel;
		};
/* End XCVersionGroup section */
	};
	rootObject = 7ECBB7CB293FA33400E65D25 /* Project object */;
}
